
Microsoft Visual Studio Solution File, Format Version 12.00
# Visual Studio Version 17
VisualStudioVersion = 17.1.32407.343
MinimumVisualStudioVersion = 10.0.40219.1
Project("{9A19103F-16F7-4668-BE54-9A1E7A4F7556}") = "CleanApp.Domain", "CleanApp.Domain\CleanApp.Domain.csproj", "{63F58D38-E4BB-44D6-98AF-F7F3D854AD50}"
EndProject
Project("{9A19103F-16F7-4668-BE54-9A1E7A4F7556}") = "CleanApp.Application", "CleanApp.Application\CleanApp.Application.csproj", "{7068179A-53B1-489B-AC6A-FF4249A6DE1E}"
EndProject
Project("{9A19103F-16F7-4668-BE54-9A1E7A4F7556}") = "CleanApp.Persistence", "CleanApp.Persistence\CleanApp.Persistence.csproj", "{03CC2EF6-053D-4130-AD3B-307A767155C4}"
EndProject
Project("{9A19103F-16F7-4668-BE54-9A1E7A4F7556}") = "CleanApp.API", "CleanApp.API\CleanApp.API.csproj", "{1F962608-BE34-4A16-BF87-60496485D2E1}"
EndProject
Project("{2150E333-8FDC-42A3-9474-1A3956D46DE8}") = "Src", "Src", "{7F1AF30D-6A6A-46BE-BCA3-8540882F8061}"
EndProject
Global
	GlobalSection(SolutionConfigurationPlatforms) = preSolution
		Debug|Any CPU = Debug|Any CPU
		Release|Any CPU = Release|Any CPU
	EndGlobalSection
	GlobalSection(ProjectConfigurationPlatforms) = postSolution
		{63F58D38-E4BB-44D6-98AF-F7F3D854AD50}.Debug|Any CPU.ActiveCfg = Debug|Any CPU
		{63F58D38-E4BB-44D6-98AF-F7F3D854AD50}.Debug|Any CPU.Build.0 = Debug|Any CPU
		{63F58D38-E4BB-44D6-98AF-F7F3D854AD50}.Release|Any CPU.ActiveCfg = Release|Any CPU
		{63F58D38-E4BB-44D6-98AF-F7F3D854AD50}.Release|Any CPU.Build.0 = Release|Any CPU
		{7068179A-53B1-489B-AC6A-FF4249A6DE1E}.Debug|Any CPU.ActiveCfg = Debug|Any CPU
		{7068179A-53B1-489B-AC6A-FF4249A6DE1E}.Debug|Any CPU.Build.0 = Debug|Any CPU
		{7068179A-53B1-489B-AC6A-FF4249A6DE1E}.Release|Any CPU.ActiveCfg = Release|Any CPU
		{7068179A-53B1-489B-AC6A-FF4249A6DE1E}.Release|Any CPU.Build.0 = Release|Any CPU
		{03CC2EF6-053D-4130-AD3B-307A767155C4}.Debug|Any CPU.ActiveCfg = Debug|Any CPU
		{03CC2EF6-053D-4130-AD3B-307A767155C4}.Debug|Any CPU.Build.0 = Debug|Any CPU
		{03CC2EF6-053D-4130-AD3B-307A767155C4}.Release|Any CPU.ActiveCfg = Release|Any CPU
		{03CC2EF6-053D-4130-AD3B-307A767155C4}.Release|Any CPU.Build.0 = Release|Any CPU
		{1F962608-BE34-4A16-BF87-60496485D2E1}.Debug|Any CPU.ActiveCfg = Debug|Any CPU
		{1F962608-BE34-4A16-BF87-60496485D2E1}.Debug|Any CPU.Build.0 = Debug|Any CPU
		{1F962608-BE34-4A16-BF87-60496485D2E1}.Release|Any CPU.ActiveCfg = Release|Any CPU
		{1F962608-BE34-4A16-BF87-60496485D2E1}.Release|Any CPU.Build.0 = Release|Any CPU
	EndGlobalSection
	GlobalSection(SolutionProperties) = preSolution
		HideSolutionNode = FALSE
	EndGlobalSection
	GlobalSection(NestedProjects) = preSolution
		{63F58D38-E4BB-44D6-98AF-F7F3D854AD50} = {7F1AF30D-6A6A-46BE-BCA3-8540882F8061}
		{7068179A-53B1-489B-AC6A-FF4249A6DE1E} = {7F1AF30D-6A6A-46BE-BCA3-8540882F8061}
		{03CC2EF6-053D-4130-AD3B-307A767155C4} = {7F1AF30D-6A6A-46BE-BCA3-8540882F8061}
		{1F962608-BE34-4A16-BF87-60496485D2E1} = {7F1AF30D-6A6A-46BE-BCA3-8540882F8061}
	EndGlobalSection
	GlobalSection(ExtensibilityGlobals) = postSolution
		SolutionGuid = {B5D3C625-8D54-472D-BE77-3D355C56A9A1}
	EndGlobalSection
EndGlobal
